// !$*UTF8*$!
{
	archiveVersion = 1;
	classes = {
	};
	objectVersion = 50;
	objects = {

/* Begin PBXBuildFile section */
		6D5D9CDD263D8B58005446A3 /* AttachmentListViewController.swift in Sources */ = {isa = PBXBuildFile; fileRef = 6D5D9CDC263D8B58005446A3 /* AttachmentListViewController.swift */; };
		6D5D9CE2263D8EFC005446A3 /* ListTableViewCell.swift in Sources */ = {isa = PBXBuildFile; fileRef = 6D5D9CE1263D8EFC005446A3 /* ListTableViewCell.swift */; };
		6D5D9CE8263D902B005446A3 /* StaticData.swift in Sources */ = {isa = PBXBuildFile; fileRef = 6D5D9CE7263D902B005446A3 /* StaticData.swift */; };
		6D6F2381263ECC1B0056CDA5 /* AttachmentEntryViewController.swift in Sources */ = {isa = PBXBuildFile; fileRef = 6D6F2380263ECC1B0056CDA5 /* AttachmentEntryViewController.swift */; };
		986A9EBE25D2870E00A70781 /* AppDelegate.swift in Sources */ = {isa = PBXBuildFile; fileRef = 986A9EBD25D2870E00A70781 /* AppDelegate.swift */; };
		986A9EC025D2870E00A70781 /* SceneDelegate.swift in Sources */ = {isa = PBXBuildFile; fileRef = 986A9EBF25D2870E00A70781 /* SceneDelegate.swift */; };
		986A9EC225D2870E00A70781 /* AttachmentViewController.swift in Sources */ = {isa = PBXBuildFile; fileRef = 986A9EC125D2870E00A70781 /* AttachmentViewController.swift */; };
		986A9EC525D2870E00A70781 /* Main.storyboard in Resources */ = {isa = PBXBuildFile; fileRef = 986A9EC325D2870E00A70781 /* Main.storyboard */; };
		986A9EC725D2871100A70781 /* Assets.xcassets in Resources */ = {isa = PBXBuildFile; fileRef = 986A9EC625D2871100A70781 /* Assets.xcassets */; };
		986A9ECA25D2871100A70781 /* LaunchScreen.storyboard in Resources */ = {isa = PBXBuildFile; fileRef = 986A9EC825D2871100A70781 /* LaunchScreen.storyboard */; };
		986A9ED525D2871100A70781 /* TextViewWithAttachmentTests.swift in Sources */ = {isa = PBXBuildFile; fileRef = 986A9ED425D2871100A70781 /* TextViewWithAttachmentTests.swift */; };
		986A9EE025D2871100A70781 /* TextViewWithAttachmentUITests.swift in Sources */ = {isa = PBXBuildFile; fileRef = 986A9EDF25D2871100A70781 /* TextViewWithAttachmentUITests.swift */; };
		986A9EF625D2879D00A70781 /* AttachmentTextView.swift in Sources */ = {isa = PBXBuildFile; fileRef = 986A9EF525D2879D00A70781 /* AttachmentTextView.swift */; };
		986A9EFC25D287A700A70781 /* AttachmentCell.xib in Resources */ = {isa = PBXBuildFile; fileRef = 986A9EFA25D287A700A70781 /* AttachmentCell.xib */; };
		986A9EFD25D287A700A70781 /* AttachmentCell.swift in Sources */ = {isa = PBXBuildFile; fileRef = 986A9EFB25D287A700A70781 /* AttachmentCell.swift */; };
		986A9F0225D28C6D00A70781 /* TextAttachedViewProvider.swift in Sources */ = {isa = PBXBuildFile; fileRef = 986A9F0125D28C6D00A70781 /* TextAttachedViewProvider.swift */; };
		986A9F0C25D28C7600A70781 /* TextViewSubviewAttachingBehavior.swift in Sources */ = {isa = PBXBuildFile; fileRef = 986A9F0B25D28C7600A70781 /* TextViewSubviewAttachingBehavior.swift */; };
		986A9F1725D28C9C00A70781 /* TextSubviewAttachment.swift in Sources */ = {isa = PBXBuildFile; fileRef = 986A9F1625D28C9C00A70781 /* TextSubviewAttachment.swift */; };
		986A9F3925D28F0F00A70781 /* UI+FoundationExtensions.swift in Sources */ = {isa = PBXBuildFile; fileRef = 986A9F3825D28F0F00A70781 /* UI+FoundationExtensions.swift */; };
/* End PBXBuildFile section */

/* Begin PBXContainerItemProxy section */
		986A9ED125D2871100A70781 /* PBXContainerItemProxy */ = {
			isa = PBXContainerItemProxy;
			containerPortal = 986A9EB225D2870E00A70781 /* Project object */;
			proxyType = 1;
			remoteGlobalIDString = 986A9EB925D2870E00A70781;
			remoteInfo = TextViewWithAttachment;
		};
		986A9EDC25D2871100A70781 /* PBXContainerItemProxy */ = {
			isa = PBXContainerItemProxy;
			containerPortal = 986A9EB225D2870E00A70781 /* Project object */;
			proxyType = 1;
			remoteGlobalIDString = 986A9EB925D2870E00A70781;
			remoteInfo = TextViewWithAttachment;
		};
/* End PBXContainerItemProxy section */

/* Begin PBXFileReference section */
		6D5D9CDC263D8B58005446A3 /* AttachmentListViewController.swift */ = {isa = PBXFileReference; lastKnownFileType = sourcecode.swift; path = AttachmentListViewController.swift; sourceTree = "<group>"; };
		6D5D9CE1263D8EFC005446A3 /* ListTableViewCell.swift */ = {isa = PBXFileReference; lastKnownFileType = sourcecode.swift; path = ListTableViewCell.swift; sourceTree = "<group>"; };
		6D5D9CE7263D902B005446A3 /* StaticData.swift */ = {isa = PBXFileReference; lastKnownFileType = sourcecode.swift; path = StaticData.swift; sourceTree = "<group>"; };
		6D6F2380263ECC1B0056CDA5 /* AttachmentEntryViewController.swift */ = {isa = PBXFileReference; lastKnownFileType = sourcecode.swift; path = AttachmentEntryViewController.swift; sourceTree = "<group>"; };
		986A9EBA25D2870E00A70781 /* TextViewWithAttachment.app */ = {isa = PBXFileReference; explicitFileType = wrapper.application; includeInIndex = 0; path = TextViewWithAttachment.app; sourceTree = BUILT_PRODUCTS_DIR; };
		986A9EBD25D2870E00A70781 /* AppDelegate.swift */ = {isa = PBXFileReference; lastKnownFileType = sourcecode.swift; path = AppDelegate.swift; sourceTree = "<group>"; };
		986A9EBF25D2870E00A70781 /* SceneDelegate.swift */ = {isa = PBXFileReference; lastKnownFileType = sourcecode.swift; path = SceneDelegate.swift; sourceTree = "<group>"; };
		986A9EC125D2870E00A70781 /* AttachmentViewController.swift */ = {isa = PBXFileReference; lastKnownFileType = sourcecode.swift; path = AttachmentViewController.swift; sourceTree = "<group>"; };
		986A9EC425D2870E00A70781 /* Base */ = {isa = PBXFileReference; lastKnownFileType = file.storyboard; name = Base; path = Base.lproj/Main.storyboard; sourceTree = "<group>"; };
		986A9EC625D2871100A70781 /* Assets.xcassets */ = {isa = PBXFileReference; lastKnownFileType = folder.assetcatalog; path = Assets.xcassets; sourceTree = "<group>"; };
		986A9EC925D2871100A70781 /* Base */ = {isa = PBXFileReference; lastKnownFileType = file.storyboard; name = Base; path = Base.lproj/LaunchScreen.storyboard; sourceTree = "<group>"; };
		986A9ECB25D2871100A70781 /* Info.plist */ = {isa = PBXFileReference; lastKnownFileType = text.plist.xml; path = Info.plist; sourceTree = "<group>"; };
		986A9ED025D2871100A70781 /* TextViewWithAttachmentTests.xctest */ = {isa = PBXFileReference; explicitFileType = wrapper.cfbundle; includeInIndex = 0; path = TextViewWithAttachmentTests.xctest; sourceTree = BUILT_PRODUCTS_DIR; };
		986A9ED425D2871100A70781 /* TextViewWithAttachmentTests.swift */ = {isa = PBXFileReference; lastKnownFileType = sourcecode.swift; path = TextViewWithAttachmentTests.swift; sourceTree = "<group>"; };
		986A9ED625D2871100A70781 /* Info.plist */ = {isa = PBXFileReference; lastKnownFileType = text.plist.xml; path = Info.plist; sourceTree = "<group>"; };
		986A9EDB25D2871100A70781 /* TextViewWithAttachmentUITests.xctest */ = {isa = PBXFileReference; explicitFileType = wrapper.cfbundle; includeInIndex = 0; path = TextViewWithAttachmentUITests.xctest; sourceTree = BUILT_PRODUCTS_DIR; };
		986A9EDF25D2871100A70781 /* TextViewWithAttachmentUITests.swift */ = {isa = PBXFileReference; lastKnownFileType = sourcecode.swift; path = TextViewWithAttachmentUITests.swift; sourceTree = "<group>"; };
		986A9EE125D2871100A70781 /* Info.plist */ = {isa = PBXFileReference; lastKnownFileType = text.plist.xml; path = Info.plist; sourceTree = "<group>"; };
		986A9EF525D2879D00A70781 /* AttachmentTextView.swift */ = {isa = PBXFileReference; fileEncoding = 4; lastKnownFileType = sourcecode.swift; path = AttachmentTextView.swift; sourceTree = "<group>"; };
		986A9EFA25D287A700A70781 /* AttachmentCell.xib */ = {isa = PBXFileReference; fileEncoding = 4; lastKnownFileType = file.xib; path = AttachmentCell.xib; sourceTree = "<group>"; };
		986A9EFB25D287A700A70781 /* AttachmentCell.swift */ = {isa = PBXFileReference; fileEncoding = 4; lastKnownFileType = sourcecode.swift; path = AttachmentCell.swift; sourceTree = "<group>"; };
		986A9F0125D28C6D00A70781 /* TextAttachedViewProvider.swift */ = {isa = PBXFileReference; fileEncoding = 4; lastKnownFileType = sourcecode.swift; path = TextAttachedViewProvider.swift; sourceTree = "<group>"; };
		986A9F0B25D28C7600A70781 /* TextViewSubviewAttachingBehavior.swift */ = {isa = PBXFileReference; fileEncoding = 4; lastKnownFileType = sourcecode.swift; path = TextViewSubviewAttachingBehavior.swift; sourceTree = "<group>"; };
		986A9F1625D28C9C00A70781 /* TextSubviewAttachment.swift */ = {isa = PBXFileReference; fileEncoding = 4; lastKnownFileType = sourcecode.swift; path = TextSubviewAttachment.swift; sourceTree = "<group>"; };
		986A9F3825D28F0F00A70781 /* UI+FoundationExtensions.swift */ = {isa = PBXFileReference; lastKnownFileType = sourcecode.swift; path = "UI+FoundationExtensions.swift"; sourceTree = "<group>"; };
/* End PBXFileReference section */

/* Begin PBXFrameworksBuildPhase section */
		986A9EB725D2870E00A70781 /* Frameworks */ = {
			isa = PBXFrameworksBuildPhase;
			buildActionMask = 2147483647;
			files = (
			);
			runOnlyForDeploymentPostprocessing = 0;
		};
		986A9ECD25D2871100A70781 /* Frameworks */ = {
			isa = PBXFrameworksBuildPhase;
			buildActionMask = 2147483647;
			files = (
			);
			runOnlyForDeploymentPostprocessing = 0;
		};
		986A9ED825D2871100A70781 /* Frameworks */ = {
			isa = PBXFrameworksBuildPhase;
			buildActionMask = 2147483647;
			files = (
			);
			runOnlyForDeploymentPostprocessing = 0;
		};
/* End PBXFrameworksBuildPhase section */

/* Begin PBXGroup section */
		6D5D9CE6263D9007005446A3 /* Static Data */ = {
			isa = PBXGroup;
			children = (
				6D5D9CE7263D902B005446A3 /* StaticData.swift */,
			);
			path = "Static Data";
			sourceTree = "<group>";
		};
		986A9EB125D2870E00A70781 = {
			isa = PBXGroup;
			children = (
				986A9EBC25D2870E00A70781 /* TextViewWithAttachment */,
				986A9ED325D2871100A70781 /* TextViewWithAttachmentTests */,
				986A9EDE25D2871100A70781 /* TextViewWithAttachmentUITests */,
				986A9EBB25D2870E00A70781 /* Products */,
			);
			sourceTree = "<group>";
		};
		986A9EBB25D2870E00A70781 /* Products */ = {
			isa = PBXGroup;
			children = (
				986A9EBA25D2870E00A70781 /* TextViewWithAttachment.app */,
				986A9ED025D2871100A70781 /* TextViewWithAttachmentTests.xctest */,
				986A9EDB25D2871100A70781 /* TextViewWithAttachmentUITests.xctest */,
			);
			name = Products;
			sourceTree = "<group>";
		};
		986A9EBC25D2870E00A70781 /* TextViewWithAttachment */ = {
			isa = PBXGroup;
			children = (
				6D5D9CE6263D9007005446A3 /* Static Data */,
				986A9F3725D28EDF00A70781 /* Extensions */,
				986A9F1C25D28DD900A70781 /* TextViewAttachment */,
				986A9F2325D28DF300A70781 /* Windows */,
				986A9F3025D28E9800A70781 /* Views */,
				986A9F3225D28EB100A70781 /* Controller */,
				986A9EC325D2870E00A70781 /* Main.storyboard */,
				986A9EC625D2871100A70781 /* Assets.xcassets */,
				986A9EC825D2871100A70781 /* LaunchScreen.storyboard */,
				986A9ECB25D2871100A70781 /* Info.plist */,
			);
			path = TextViewWithAttachment;
			sourceTree = "<group>";
		};
		986A9ED325D2871100A70781 /* TextViewWithAttachmentTests */ = {
			isa = PBXGroup;
			children = (
				986A9ED425D2871100A70781 /* TextViewWithAttachmentTests.swift */,
				986A9ED625D2871100A70781 /* Info.plist */,
			);
			path = TextViewWithAttachmentTests;
			sourceTree = "<group>";
		};
		986A9EDE25D2871100A70781 /* TextViewWithAttachmentUITests */ = {
			isa = PBXGroup;
			children = (
				986A9EDF25D2871100A70781 /* TextViewWithAttachmentUITests.swift */,
				986A9EE125D2871100A70781 /* Info.plist */,
			);
			path = TextViewWithAttachmentUITests;
			sourceTree = "<group>";
		};
		986A9F1C25D28DD900A70781 /* TextViewAttachment */ = {
			isa = PBXGroup;
			children = (
				986A9F1625D28C9C00A70781 /* TextSubviewAttachment.swift */,
				986A9F0125D28C6D00A70781 /* TextAttachedViewProvider.swift */,
				986A9F0B25D28C7600A70781 /* TextViewSubviewAttachingBehavior.swift */,
			);
			path = TextViewAttachment;
			sourceTree = "<group>";
		};
		986A9F2325D28DF300A70781 /* Windows */ = {
			isa = PBXGroup;
			children = (
				986A9EBD25D2870E00A70781 /* AppDelegate.swift */,
				986A9EBF25D2870E00A70781 /* SceneDelegate.swift */,
			);
			path = Windows;
			sourceTree = "<group>";
		};
		986A9F3025D28E9800A70781 /* Views */ = {
			isa = PBXGroup;
			children = (
				986A9F3125D28EA300A70781 /* Cell */,
				986A9EF525D2879D00A70781 /* AttachmentTextView.swift */,
			);
			path = Views;
			sourceTree = "<group>";
		};
		986A9F3125D28EA300A70781 /* Cell */ = {
			isa = PBXGroup;
			children = (
				986A9EFB25D287A700A70781 /* AttachmentCell.swift */,
				986A9EFA25D287A700A70781 /* AttachmentCell.xib */,
				6D5D9CE1263D8EFC005446A3 /* ListTableViewCell.swift */,
			);
			path = Cell;
			sourceTree = "<group>";
		};
		986A9F3225D28EB100A70781 /* Controller */ = {
			isa = PBXGroup;
			children = (
				986A9EC125D2870E00A70781 /* AttachmentViewController.swift */,
				6D5D9CDC263D8B58005446A3 /* AttachmentListViewController.swift */,
				6D6F2380263ECC1B0056CDA5 /* AttachmentEntryViewController.swift */,
			);
			path = Controller;
			sourceTree = "<group>";
		};
		986A9F3725D28EDF00A70781 /* Extensions */ = {
			isa = PBXGroup;
			children = (
				986A9F3825D28F0F00A70781 /* UI+FoundationExtensions.swift */,
			);
			path = Extensions;
			sourceTree = "<group>";
		};
/* End PBXGroup section */

/* Begin PBXNativeTarget section */
		986A9EB925D2870E00A70781 /* TextViewWithAttachment */ = {
			isa = PBXNativeTarget;
			buildConfigurationList = 986A9EE425D2871100A70781 /* Build configuration list for PBXNativeTarget "TextViewWithAttachment" */;
			buildPhases = (
				986A9EB625D2870E00A70781 /* Sources */,
				986A9EB725D2870E00A70781 /* Frameworks */,
				986A9EB825D2870E00A70781 /* Resources */,
			);
			buildRules = (
			);
			dependencies = (
			);
			name = TextViewWithAttachment;
			productName = TextViewWithAttachment;
			productReference = 986A9EBA25D2870E00A70781 /* TextViewWithAttachment.app */;
			productType = "com.apple.product-type.application";
		};
		986A9ECF25D2871100A70781 /* TextViewWithAttachmentTests */ = {
			isa = PBXNativeTarget;
			buildConfigurationList = 986A9EE725D2871100A70781 /* Build configuration list for PBXNativeTarget "TextViewWithAttachmentTests" */;
			buildPhases = (
				986A9ECC25D2871100A70781 /* Sources */,
				986A9ECD25D2871100A70781 /* Frameworks */,
				986A9ECE25D2871100A70781 /* Resources */,
			);
			buildRules = (
			);
			dependencies = (
				986A9ED225D2871100A70781 /* PBXTargetDependency */,
			);
			name = TextViewWithAttachmentTests;
			productName = TextViewWithAttachmentTests;
			productReference = 986A9ED025D2871100A70781 /* TextViewWithAttachmentTests.xctest */;
			productType = "com.apple.product-type.bundle.unit-test";
		};
		986A9EDA25D2871100A70781 /* TextViewWithAttachmentUITests */ = {
			isa = PBXNativeTarget;
			buildConfigurationList = 986A9EEA25D2871100A70781 /* Build configuration list for PBXNativeTarget "TextViewWithAttachmentUITests" */;
			buildPhases = (
				986A9ED725D2871100A70781 /* Sources */,
				986A9ED825D2871100A70781 /* Frameworks */,
				986A9ED925D2871100A70781 /* Resources */,
			);
			buildRules = (
			);
			dependencies = (
				986A9EDD25D2871100A70781 /* PBXTargetDependency */,
			);
			name = TextViewWithAttachmentUITests;
			productName = TextViewWithAttachmentUITests;
			productReference = 986A9EDB25D2871100A70781 /* TextViewWithAttachmentUITests.xctest */;
			productType = "com.apple.product-type.bundle.ui-testing";
		};
/* End PBXNativeTarget section */

/* Begin PBXProject section */
		986A9EB225D2870E00A70781 /* Project object */ = {
			isa = PBXProject;
			attributes = {
				LastSwiftUpdateCheck = 1230;
				LastUpgradeCheck = 1230;
				TargetAttributes = {
					986A9EB925D2870E00A70781 = {
						CreatedOnToolsVersion = 12.3;
					};
					986A9ECF25D2871100A70781 = {
						CreatedOnToolsVersion = 12.3;
						TestTargetID = 986A9EB925D2870E00A70781;
					};
					986A9EDA25D2871100A70781 = {
						CreatedOnToolsVersion = 12.3;
						TestTargetID = 986A9EB925D2870E00A70781;
					};
				};
			};
			buildConfigurationList = 986A9EB525D2870E00A70781 /* Build configuration list for PBXProject "TextViewWithAttachment" */;
			compatibilityVersion = "Xcode 9.3";
			developmentRegion = en;
			hasScannedForEncodings = 0;
			knownRegions = (
				en,
				Base,
			);
			mainGroup = 986A9EB125D2870E00A70781;
			productRefGroup = 986A9EBB25D2870E00A70781 /* Products */;
			projectDirPath = "";
			projectRoot = "";
			targets = (
				986A9EB925D2870E00A70781 /* TextViewWithAttachment */,
				986A9ECF25D2871100A70781 /* TextViewWithAttachmentTests */,
				986A9EDA25D2871100A70781 /* TextViewWithAttachmentUITests */,
			);
		};
/* End PBXProject section */

/* Begin PBXResourcesBuildPhase section */
		986A9EB825D2870E00A70781 /* Resources */ = {
			isa = PBXResourcesBuildPhase;
			buildActionMask = 2147483647;
			files = (
				986A9ECA25D2871100A70781 /* LaunchScreen.storyboard in Resources */,
				986A9EC725D2871100A70781 /* Assets.xcassets in Resources */,
				986A9EFC25D287A700A70781 /* AttachmentCell.xib in Resources */,
				986A9EC525D2870E00A70781 /* Main.storyboard in Resources */,
			);
			runOnlyForDeploymentPostprocessing = 0;
		};
		986A9ECE25D2871100A70781 /* Resources */ = {
			isa = PBXResourcesBuildPhase;
			buildActionMask = 2147483647;
			files = (
			);
			runOnlyForDeploymentPostprocessing = 0;
		};
		986A9ED925D2871100A70781 /* Resources */ = {
			isa = PBXResourcesBuildPhase;
			buildActionMask = 2147483647;
			files = (
			);
			runOnlyForDeploymentPostprocessing = 0;
		};
/* End PBXResourcesBuildPhase section */

/* Begin PBXSourcesBuildPhase section */
		986A9EB625D2870E00A70781 /* Sources */ = {
			isa = PBXSourcesBuildPhase;
			buildActionMask = 2147483647;
			files = (
				6D5D9CE2263D8EFC005446A3 /* ListTableViewCell.swift in Sources */,
				986A9F0C25D28C7600A70781 /* TextViewSubviewAttachingBehavior.swift in Sources */,
				986A9F1725D28C9C00A70781 /* TextSubviewAttachment.swift in Sources */,
				986A9F0225D28C6D00A70781 /* TextAttachedViewProvider.swift in Sources */,
				986A9EF625D2879D00A70781 /* AttachmentTextView.swift in Sources */,
				6D5D9CE8263D902B005446A3 /* StaticData.swift in Sources */,
				986A9EC225D2870E00A70781 /* AttachmentViewController.swift in Sources */,
				986A9EFD25D287A700A70781 /* AttachmentCell.swift in Sources */,
				986A9EBE25D2870E00A70781 /* AppDelegate.swift in Sources */,
				986A9F3925D28F0F00A70781 /* UI+FoundationExtensions.swift in Sources */,
				6D6F2381263ECC1B0056CDA5 /* AttachmentEntryViewController.swift in Sources */,
				986A9EC025D2870E00A70781 /* SceneDelegate.swift in Sources */,
				6D5D9CDD263D8B58005446A3 /* AttachmentListViewController.swift in Sources */,
			);
			runOnlyForDeploymentPostprocessing = 0;
		};
		986A9ECC25D2871100A70781 /* Sources */ = {
			isa = PBXSourcesBuildPhase;
			buildActionMask = 2147483647;
			files = (
				986A9ED525D2871100A70781 /* TextViewWithAttachmentTests.swift in Sources */,
			);
			runOnlyForDeploymentPostprocessing = 0;
		};
		986A9ED725D2871100A70781 /* Sources */ = {
			isa = PBXSourcesBuildPhase;
			buildActionMask = 2147483647;
			files = (
				986A9EE025D2871100A70781 /* TextViewWithAttachmentUITests.swift in Sources */,
			);
			runOnlyForDeploymentPostprocessing = 0;
		};
/* End PBXSourcesBuildPhase section */

/* Begin PBXTargetDependency section */
		986A9ED225D2871100A70781 /* PBXTargetDependency */ = {
			isa = PBXTargetDependency;
			target = 986A9EB925D2870E00A70781 /* TextViewWithAttachment */;
			targetProxy = 986A9ED125D2871100A70781 /* PBXContainerItemProxy */;
		};
		986A9EDD25D2871100A70781 /* PBXTargetDependency */ = {
			isa = PBXTargetDependency;
			target = 986A9EB925D2870E00A70781 /* TextViewWithAttachment */;
			targetProxy = 986A9EDC25D2871100A70781 /* PBXContainerItemProxy */;
		};
/* End PBXTargetDependency section */

/* Begin PBXVariantGroup section */
		986A9EC325D2870E00A70781 /* Main.storyboard */ = {
			isa = PBXVariantGroup;
			children = (
				986A9EC425D2870E00A70781 /* Base */,
			);
			name = Main.storyboard;
			sourceTree = "<group>";
		};
		986A9EC825D2871100A70781 /* LaunchScreen.storyboard */ = {
			isa = PBXVariantGroup;
			children = (
				986A9EC925D2871100A70781 /* Base */,
			);
			name = LaunchScreen.storyboard;
			sourceTree = "<group>";
		};
/* End PBXVariantGroup section */

/* Begin XCBuildConfiguration section */
		986A9EE225D2871100A70781 /* Debug */ = {
			isa = XCBuildConfiguration;
			buildSettings = {
				ALWAYS_SEARCH_USER_PATHS = NO;
				CLANG_ANALYZER_NONNULL = YES;
				CLANG_ANALYZER_NUMBER_OBJECT_CONVERSION = YES_AGGRESSIVE;
				CLANG_CXX_LANGUAGE_STANDARD = "gnu++14";
				CLANG_CXX_LIBRARY = "libc++";
				CLANG_ENABLE_MODULES = YES;
				CLANG_ENABLE_OBJC_ARC = YES;
				CLANG_ENABLE_OBJC_WEAK = YES;
				CLANG_WARN_BLOCK_CAPTURE_AUTORELEASING = YES;
				CLANG_WARN_BOOL_CONVERSION = YES;
				CLANG_WARN_COMMA = YES;
				CLANG_WARN_CONSTANT_CONVERSION = YES;
				CLANG_WARN_DEPRECATED_OBJC_IMPLEMENTATIONS = YES;
				CLANG_WARN_DIRECT_OBJC_ISA_USAGE = YES_ERROR;
				CLANG_WARN_DOCUMENTATION_COMMENTS = YES;
				CLANG_WARN_EMPTY_BODY = YES;
				CLANG_WARN_ENUM_CONVERSION = YES;
				CLANG_WARN_INFINITE_RECURSION = YES;
				CLANG_WARN_INT_CONVERSION = YES;
				CLANG_WARN_NON_LITERAL_NULL_CONVERSION = YES;
				CLANG_WARN_OBJC_IMPLICIT_RETAIN_SELF = YES;
				CLANG_WARN_OBJC_LITERAL_CONVERSION = YES;
				CLANG_WARN_OBJC_ROOT_CLASS = YES_ERROR;
				CLANG_WARN_QUOTED_INCLUDE_IN_FRAMEWORK_HEADER = YES;
				CLANG_WARN_RANGE_LOOP_ANALYSIS = YES;
				CLANG_WARN_STRICT_PROTOTYPES = YES;
				CLANG_WARN_SUSPICIOUS_MOVE = YES;
				CLANG_WARN_UNGUARDED_AVAILABILITY = YES_AGGRESSIVE;
				CLANG_WARN_UNREACHABLE_CODE = YES;
				CLANG_WARN__DUPLICATE_METHOD_MATCH = YES;
				COPY_PHASE_STRIP = NO;
				DEBUG_INFORMATION_FORMAT = dwarf;
				ENABLE_STRICT_OBJC_MSGSEND = YES;
				ENABLE_TESTABILITY = YES;
				GCC_C_LANGUAGE_STANDARD = gnu11;
				GCC_DYNAMIC_NO_PIC = NO;
				GCC_NO_COMMON_BLOCKS = YES;
				GCC_OPTIMIZATION_LEVEL = 0;
				GCC_PREPROCESSOR_DEFINITIONS = (
					"DEBUG=1",
					"$(inherited)",
				);
				GCC_WARN_64_TO_32_BIT_CONVERSION = YES;
				GCC_WARN_ABOUT_RETURN_TYPE = YES_ERROR;
				GCC_WARN_UNDECLARED_SELECTOR = YES;
				GCC_WARN_UNINITIALIZED_AUTOS = YES_AGGRESSIVE;
				GCC_WARN_UNUSED_FUNCTION = YES;
				GCC_WARN_UNUSED_VARIABLE = YES;
				IPHONEOS_DEPLOYMENT_TARGET = 14.3;
				MTL_ENABLE_DEBUG_INFO = INCLUDE_SOURCE;
				MTL_FAST_MATH = YES;
				ONLY_ACTIVE_ARCH = YES;
				SDKROOT = iphoneos;
				SWIFT_ACTIVE_COMPILATION_CONDITIONS = DEBUG;
				SWIFT_OPTIMIZATION_LEVEL = "-Onone";
			};
			name = Debug;
		};
		986A9EE325D2871100A70781 /* Release */ = {
			isa = XCBuildConfiguration;
			buildSettings = {
				ALWAYS_SEARCH_USER_PATHS = NO;
				CLANG_ANALYZER_NONNULL = YES;
				CLANG_ANALYZER_NUMBER_OBJECT_CONVERSION = YES_AGGRESSIVE;
				CLANG_CXX_LANGUAGE_STANDARD = "gnu++14";
				CLANG_CXX_LIBRARY = "libc++";
				CLANG_ENABLE_MODULES = YES;
				CLANG_ENABLE_OBJC_ARC = YES;
				CLANG_ENABLE_OBJC_WEAK = YES;
				CLANG_WARN_BLOCK_CAPTURE_AUTORELEASING = YES;
				CLANG_WARN_BOOL_CONVERSION = YES;
				CLANG_WARN_COMMA = YES;
				CLANG_WARN_CONSTANT_CONVERSION = YES;
				CLANG_WARN_DEPRECATED_OBJC_IMPLEMENTATIONS = YES;
				CLANG_WARN_DIRECT_OBJC_ISA_USAGE = YES_ERROR;
				CLANG_WARN_DOCUMENTATION_COMMENTS = YES;
				CLANG_WARN_EMPTY_BODY = YES;
				CLANG_WARN_ENUM_CONVERSION = YES;
				CLANG_WARN_INFINITE_RECURSION = YES;
				CLANG_WARN_INT_CONVERSION = YES;
				CLANG_WARN_NON_LITERAL_NULL_CONVERSION = YES;
				CLANG_WARN_OBJC_IMPLICIT_RETAIN_SELF = YES;
				CLANG_WARN_OBJC_LITERAL_CONVERSION = YES;
				CLANG_WARN_OBJC_ROOT_CLASS = YES_ERROR;
				CLANG_WARN_QUOTED_INCLUDE_IN_FRAMEWORK_HEADER = YES;
				CLANG_WARN_RANGE_LOOP_ANALYSIS = YES;
				CLANG_WARN_STRICT_PROTOTYPES = YES;
				CLANG_WARN_SUSPICIOUS_MOVE = YES;
				CLANG_WARN_UNGUARDED_AVAILABILITY = YES_AGGRESSIVE;
				CLANG_WARN_UNREACHABLE_CODE = YES;
				CLANG_WARN__DUPLICATE_METHOD_MATCH = YES;
				COPY_PHASE_STRIP = NO;
				DEBUG_INFORMATION_FORMAT = "dwarf-with-dsym";
				ENABLE_NS_ASSERTIONS = NO;
				ENABLE_STRICT_OBJC_MSGSEND = YES;
				GCC_C_LANGUAGE_STANDARD = gnu11;
				GCC_NO_COMMON_BLOCKS = YES;
				GCC_WARN_64_TO_32_BIT_CONVERSION = YES;
				GCC_WARN_ABOUT_RETURN_TYPE = YES_ERROR;
				GCC_WARN_UNDECLARED_SELECTOR = YES;
				GCC_WARN_UNINITIALIZED_AUTOS = YES_AGGRESSIVE;
				GCC_WARN_UNUSED_FUNCTION = YES;
				GCC_WARN_UNUSED_VARIABLE = YES;
				IPHONEOS_DEPLOYMENT_TARGET = 14.3;
				MTL_ENABLE_DEBUG_INFO = NO;
				MTL_FAST_MATH = YES;
				SDKROOT = iphoneos;
				SWIFT_COMPILATION_MODE = wholemodule;
				SWIFT_OPTIMIZATION_LEVEL = "-O";
				VALIDATE_PRODUCT = YES;
			};
			name = Release;
		};
		986A9EE525D2871100A70781 /* Debug */ = {
			isa = XCBuildConfiguration;
			buildSettings = {
				ASSETCATALOG_COMPILER_APPICON_NAME = AppIcon;
				ASSETCATALOG_COMPILER_GLOBAL_ACCENT_COLOR_NAME = AccentColor;
				CODE_SIGN_STYLE = Automatic;
				INFOPLIST_FILE = TextViewWithAttachment/Info.plist;
				IPHONEOS_DEPLOYMENT_TARGET = 13.0;
				LD_RUNPATH_SEARCH_PATHS = (
					"$(inherited)",
					"@executable_path/Frameworks",
				);
				PRODUCT_BUNDLE_IDENTIFIER = com.YML.TextViewWithAttachment;
				PRODUCT_NAME = "$(TARGET_NAME)";
				SWIFT_VERSION = 5.0;
				TARGETED_DEVICE_FAMILY = "1,2";
			};
			name = Debug;
		};
		986A9EE625D2871100A70781 /* Release */ = {
			isa = XCBuildConfiguration;
			buildSettings = {
				ASSETCATALOG_COMPILER_APPICON_NAME = AppIcon;
				ASSETCATALOG_COMPILER_GLOBAL_ACCENT_COLOR_NAME = AccentColor;
				CODE_SIGN_STYLE = Automatic;
				INFOPLIST_FILE = TextViewWithAttachment/Info.plist;
				IPHONEOS_DEPLOYMENT_TARGET = 13.0;
				LD_RUNPATH_SEARCH_PATHS = (
					"$(inherited)",
					"@executable_path/Frameworks",
				);
				PRODUCT_BUNDLE_IDENTIFIER = com.YML.TextViewWithAttachment;
				PRODUCT_NAME = "$(TARGET_NAME)";
				SWIFT_VERSION = 5.0;
				TARGETED_DEVICE_FAMILY = "1,2";
			};
			name = Release;
		};
		986A9EE825D2871100A70781 /* Debug */ = {
			isa = XCBuildConfiguration;
			buildSettings = {
				ALWAYS_EMBED_SWIFT_STANDARD_LIBRARIES = YES;
				BUNDLE_LOADER = "$(TEST_HOST)";
				CODE_SIGN_STYLE = Automatic;
				INFOPLIST_FILE = TextViewWithAttachmentTests/Info.plist;
				IPHONEOS_DEPLOYMENT_TARGET = 14.3;
				LD_RUNPATH_SEARCH_PATHS = (
					"$(inherited)",
					"@executable_path/Frameworks",
					"@loader_path/Frameworks",
				);
				PRODUCT_BUNDLE_IDENTIFIER = com.YML.TextViewWithAttachmentTests;
				PRODUCT_NAME = "$(TARGET_NAME)";
				SWIFT_VERSION = 5.0;
				TARGETED_DEVICE_FAMILY = "1,2";
				TEST_HOST = "$(BUILT_PRODUCTS_DIR)/TextViewWithAttachment.app/TextViewWithAttachment";
			};
			name = Debug;
		};
		986A9EE925D2871100A70781 /* Release */ = {
			isa = XCBuildConfiguration;
			buildSettings = {
				ALWAYS_EMBED_SWIFT_STANDARD_LIBRARIES = YES;
				BUNDLE_LOADER = "$(TEST_HOST)";
				CODE_SIGN_STYLE = Automatic;
				INFOPLIST_FILE = TextViewWithAttachmentTests/Info.plist;
				IPHONEOS_DEPLOYMENT_TARGET = 14.3;
				LD_RUNPATH_SEARCH_PATHS = (
					"$(inherited)",
					"@executable_path/Frameworks",
					"@loader_path/Frameworks",
				);
				PRODUCT_BUNDLE_IDENTIFIER = com.YML.TextViewWithAttachmentTests;
				PRODUCT_NAME = "$(TARGET_NAME)";
				SWIFT_VERSION = 5.0;
				TARGETED_DEVICE_FAMILY = "1,2";
				TEST_HOST = "$(BUILT_PRODUCTS_DIR)/TextViewWithAttachment.app/TextViewWithAttachment";
			};
			name = Release;
		};
		986A9EEB25D2871100A70781 /* Debug */ = {
			isa = XCBuildConfiguration;
			buildSettings = {
				ALWAYS_EMBED_SWIFT_STANDARD_LIBRARIES = YES;
				CODE_SIGN_STYLE = Automatic;
				INFOPLIST_FILE = TextViewWithAttachmentUITests/Info.plist;
				LD_RUNPATH_SEARCH_PATHS = (
					"$(inherited)",
					"@executable_path/Frameworks",
					"@loader_path/Frameworks",
				);
				PRODUCT_BUNDLE_IDENTIFIER = com.YML.TextViewWithAttachmentUITests;
				PRODUCT_NAME = "$(TARGET_NAME)";
				SWIFT_VERSION = 5.0;
				TARGETED_DEVICE_FAMILY = "1,2";
				TEST_TARGET_NAME = TextViewWithAttachment;
			};
			name = Debug;
		};
		986A9EEC25D2871100A70781 /* Release */ = {
			isa = XCBuildConfiguration;
			buildSettings = {
				ALWAYS_EMBED_SWIFT_STANDARD_LIBRARIES = YES;
				CODE_SIGN_STYLE = Automatic;
				INFOPLIST_FILE = TextViewWithAttachmentUITests/Info.plist;
				LD_RUNPATH_SEARCH_PATHS = (
					"$(inherited)",
					"@executable_path/Frameworks",
					"@loader_path/Frameworks",
				);
				PRODUCT_BUNDLE_IDENTIFIER = com.YML.TextViewWithAttachmentUITests;
				PRODUCT_NAME = "$(TARGET_NAME)";
				SWIFT_VERSION = 5.0;
				TARGETED_DEVICE_FAMILY = "1,2";
				TEST_TARGET_NAME = TextViewWithAttachment;
			};
			name = Release;
		};
/* End XCBuildConfiguration section */

/* Begin XCConfigurationList section */
		986A9EB525D2870E00A70781 /* Build configuration list for PBXProject "TextViewWithAttachment" */ = {
			isa = XCConfigurationList;
			buildConfigurations = (
				986A9EE225D2871100A70781 /* Debug */,
				986A9EE325D2871100A70781 /* Release */,
			);
			defaultConfigurationIsVisible = 0;
			defaultConfigurationName = Release;
		};
		986A9EE425D2871100A70781 /* Build configuration list for PBXNativeTarget "TextViewWithAttachment" */ = {
			isa = XCConfigurationList;
			buildConfigurations = (
				986A9EE525D2871100A70781 /* Debug */,
				986A9EE625D2871100A70781 /* Release */,
			);
			defaultConfigurationIsVisible = 0;
			defaultConfigurationName = Release;
		};
		986A9EE725D2871100A70781 /* Build configuration list for PBXNativeTarget "TextViewWithAttachmentTests" */ = {
			isa = XCConfigurationList;
			buildConfigurations = (
				986A9EE825D2871100A70781 /* Debug */,
				986A9EE925D2871100A70781 /* Release */,
			);
			defaultConfigurationIsVisible = 0;
			defaultConfigurationName = Release;
		};
		986A9EEA25D2871100A70781 /* Build configuration list for PBXNativeTarget "TextViewWithAttachmentUITests" */ = {
			isa = XCConfigurationList;
			buildConfigurations = (
				986A9EEB25D2871100A70781 /* Debug */,
				986A9EEC25D2871100A70781 /* Release */,
			);
			defaultConfigurationIsVisible = 0;
			defaultConfigurationName = Release;
		};
/* End XCConfigurationList section */
	};
	rootObject = 986A9EB225D2870E00A70781 /* Project object */;
}
